
Microsoft Visual Studio Solution File, Format Version 12.00
# Visual Studio Version 17
VisualStudioVersion = 17.12.35514.174
MinimumVisualStudioVersion = 10.0.40219.1
Project("{FAE04EC0-301F-11D3-BF4B-00C04F79EFBC}") = "IproxApi", "IproxApi\IproxApi.csproj", "{FE408BC7-F826-43C6-BCA8-D087E6AAD5D7}"
EndProject
Project("{FAE04EC0-301F-11D3-BF4B-00C04F79EFBC}") = "TMTest", "TMTest\TMTest.csproj", "{C7E0EA5D-8449-4724-BCA0-EE0815552C06}"
EndProject
Global
	GlobalSection(SolutionConfigurationPlatforms) = preSolution
		Debug|Any CPU = Debug|Any CPU
		Release|Any CPU = Release|Any CPU
	EndGlobalSection
	GlobalSection(ProjectConfigurationPlatforms) = postSolution
		{FE408BC7-F826-43C6-BCA8-D087E6AAD5D7}.Debug|Any CPU.ActiveCfg = Debug|Any CPU
		{FE408BC7-F826-43C6-BCA8-D087E6AAD5D7}.Debug|Any CPU.Build.0 = Debug|Any CPU
		{FE408BC7-F826-43C6-BCA8-D087E6AAD5D7}.Release|Any CPU.ActiveCfg = Release|Any CPU
		{FE408BC7-F826-43C6-BCA8-D087E6AAD5D7}.Release|Any CPU.Build.0 = Release|Any CPU
		{C7E0EA5D-8449-4724-BCA0-EE0815552C06}.Debug|Any CPU.ActiveCfg = Debug|Any CPU
		{C7E0EA5D-8449-4724-BCA0-EE0815552C06}.Debug|Any CPU.Build.0 = Debug|Any CPU
		{C7E0EA5D-8449-4724-BCA0-EE0815552C06}.Release|Any CPU.ActiveCfg = Release|Any CPU
		{C7E0EA5D-8449-4724-BCA0-EE0815552C06}.Release|Any CPU.Build.0 = Release|Any CPU
	EndGlobalSection
	GlobalSection(SolutionProperties) = preSolution
		HideSolutionNode = FALSE
	EndGlobalSection
EndGlobal
